
Microsoft Visual Studio Solution File, Format Version 12.00
# Visual Studio Version 16
VisualStudioVersion = 16.0.33801.447
MinimumVisualStudioVersion = 10.0.40219.1
Project("{FAE04EC0-301F-11D3-BF4B-00C04F79EFBC}") = "Database", "Database\Database.csproj", "{9B10E416-41DE-4BF0-9A61-6C19C37468FD}"
EndProject
Global
	GlobalSection(SolutionConfigurationPlatforms) = preSolution
		Debug|Any CPU = Debug|Any CPU
		Release|Any CPU = Release|Any CPU
	EndGlobalSection
	GlobalSection(ProjectConfigurationPlatforms) = postSolution
		{9B10E416-41DE-4BF0-9A61-6C19C37468FD}.Debug|Any CPU.ActiveCfg = Debug|Any CPU
		{9B10E416-41DE-4BF0-9A61-6C19C37468FD}.Debug|Any CPU.Build.0 = Debug|Any CPU
		{9B10E416-41DE-4BF0-9A61-6C19C37468FD}.Release|Any CPU.ActiveCfg = Release|Any CPU
		{9B10E416-41DE-4BF0-9A61-6C19C37468FD}.Release|Any CPU.Build.0 = Release|Any CPU
	EndGlobalSection
	GlobalSection(SolutionProperties) = preSolution
		HideSolutionNode = FALSE
	EndGlobalSection
	GlobalSection(ExtensibilityGlobals) = postSolution
		SolutionGuid = {E91541A1-5CD2-4A1F-8391-7CB353A7F74C}
	EndGlobalSection
EndGlobal
